// !$*UTF8*$!
{
	archiveVersion = 1;
	classes = {
	};
	objectVersion = 55;
	objects = {

/* Begin PBXBuildFile section */
		8E3CDA49270466CC00A88B39 /* AppDelegate.swift in Sources */ = {isa = PBXBuildFile; fileRef = 8E3CDA48270466CC00A88B39 /* AppDelegate.swift */; };
		8E3CDA4B270466CC00A88B39 /* SceneDelegate.swift in Sources */ = {isa = PBXBuildFile; fileRef = 8E3CDA4A270466CC00A88B39 /* SceneDelegate.swift */; };
		8E3CDA4D270466CC00A88B39 /* ViewController.swift in Sources */ = {isa = PBXBuildFile; fileRef = 8E3CDA4C270466CC00A88B39 /* ViewController.swift */; };
		8E3CDA50270466CC00A88B39 /* Main.storyboard in Resources */ = {isa = PBXBuildFile; fileRef = 8E3CDA4E270466CC00A88B39 /* Main.storyboard */; };
		8E3CDA52270466D000A88B39 /* Assets.xcassets in Resources */ = {isa = PBXBuildFile; fileRef = 8E3CDA51270466D000A88B39 /* Assets.xcassets */; };
		8E3CDA55270466D000A88B39 /* LaunchScreen.storyboard in Resources */ = {isa = PBXBuildFile; fileRef = 8E3CDA53270466D000A88B39 /* LaunchScreen.storyboard */; };
		8E3CDA60270466D000A88B39 /* Xcode13Tests.swift in Sources */ = {isa = PBXBuildFile; fileRef = 8E3CDA5F270466D000A88B39 /* Xcode13Tests.swift */; };
		8E3CDA6A270466D000A88B39 /* Xcode13UITests.swift in Sources */ = {isa = PBXBuildFile; fileRef = 8E3CDA69270466D000A88B39 /* Xcode13UITests.swift */; };
		8E3CDA6C270466D000A88B39 /* Xcode13UITestsLaunchTests.swift in Sources */ = {isa = PBXBuildFile; fileRef = 8E3CDA6B270466D000A88B39 /* Xcode13UITestsLaunchTests.swift */; };
/* End PBXBuildFile section */

/* Begin PBXContainerItemProxy section */
		8E3CDA5C270466D000A88B39 /* PBXContainerItemProxy */ = {
			isa = PBXContainerItemProxy;
			containerPortal = 8E3CDA3D270466CC00A88B39 /* Project object */;
			proxyType = 1;
			remoteGlobalIDString = 8E3CDA44270466CC00A88B39;
			remoteInfo = Xcode13;
		};
		8E3CDA66270466D000A88B39 /* PBXContainerItemProxy */ = {
			isa = PBXContainerItemProxy;
			containerPortal = 8E3CDA3D270466CC00A88B39 /* Project object */;
			proxyType = 1;
			remoteGlobalIDString = 8E3CDA44270466CC00A88B39;
			remoteInfo = Xcode13;
		};
/* End PBXContainerItemProxy section */

/* Begin PBXFileReference section */
		8E3CDA45270466CC00A88B39 /* Xcode13.app */ = {isa = PBXFileReference; explicitFileType = wrapper.application; includeInIndex = 0; path = Xcode13.app; sourceTree = BUILT_PRODUCTS_DIR; };
		8E3CDA48270466CC00A88B39 /* AppDelegate.swift */ = {isa = PBXFileReference; lastKnownFileType = sourcecode.swift; path = AppDelegate.swift; sourceTree = "<group>"; };
		8E3CDA4A270466CC00A88B39 /* SceneDelegate.swift */ = {isa = PBXFileReference; lastKnownFileType = sourcecode.swift; path = SceneDelegate.swift; sourceTree = "<group>"; };
		8E3CDA4C270466CC00A88B39 /* ViewController.swift */ = {isa = PBXFileReference; lastKnownFileType = sourcecode.swift; path = ViewController.swift; sourceTree = "<group>"; };
		8E3CDA4F270466CC00A88B39 /* Base */ = {isa = PBXFileReference; lastKnownFileType = file.storyboard; name = Base; path = Base.lproj/Main.storyboard; sourceTree = "<group>"; };
		8E3CDA51270466D000A88B39 /* Assets.xcassets */ = {isa = PBXFileReference; lastKnownFileType = folder.assetcatalog; path = Assets.xcassets; sourceTree = "<group>"; };
		8E3CDA54270466D000A88B39 /* Base */ = {isa = PBXFileReference; lastKnownFileType = file.storyboard; name = Base; path = Base.lproj/LaunchScreen.storyboard; sourceTree = "<group>"; };
		8E3CDA56270466D000A88B39 /* Info.plist */ = {isa = PBXFileReference; lastKnownFileType = text.plist.xml; path = Info.plist; sourceTree = "<group>"; };
		8E3CDA5B270466D000A88B39 /* Xcode13Tests.xctest */ = {isa = PBXFileReference; explicitFileType = wrapper.cfbundle; includeInIndex = 0; path = Xcode13Tests.xctest; sourceTree = BUILT_PRODUCTS_DIR; };
		8E3CDA5F270466D000A88B39 /* Xcode13Tests.swift */ = {isa = PBXFileReference; lastKnownFileType = sourcecode.swift; path = Xcode13Tests.swift; sourceTree = "<group>"; };
		8E3CDA65270466D000A88B39 /* Xcode13UITests.xctest */ = {isa = PBXFileReference; explicitFileType = wrapper.cfbundle; includeInIndex = 0; path = Xcode13UITests.xctest; sourceTree = BUILT_PRODUCTS_DIR; };
		8E3CDA69270466D000A88B39 /* Xcode13UITests.swift */ = {isa = PBXFileReference; lastKnownFileType = sourcecode.swift; path = Xcode13UITests.swift; sourceTree = "<group>"; };
		8E3CDA6B270466D000A88B39 /* Xcode13UITestsLaunchTests.swift */ = {isa = PBXFileReference; lastKnownFileType = sourcecode.swift; path = Xcode13UITestsLaunchTests.swift; sourceTree = "<group>"; };
/* End PBXFileReference section */

/* Begin PBXFrameworksBuildPhase section */
		8E3CDA42270466CC00A88B39 /* Frameworks */ = {
			isa = PBXFrameworksBuildPhase;
			buildActionMask = 2147483647;
			files = (
			);
			runOnlyForDeploymentPostprocessing = 0;
		};
		8E3CDA58270466D000A88B39 /* Frameworks */ = {
			isa = PBXFrameworksBuildPhase;
			buildActionMask = 2147483647;
			files = (
			);
			runOnlyForDeploymentPostprocessing = 0;
		};
		8E3CDA62270466D000A88B39 /* Frameworks */ = {
			isa = PBXFrameworksBuildPhase;
			buildActionMask = 2147483647;
			files = (
			);
			runOnlyForDeploymentPostprocessing = 0;
		};
/* End PBXFrameworksBuildPhase section */

/* Begin PBXGroup section */
		8E3CDA3C270466CC00A88B39 = {
			isa = PBXGroup;
			children = (
				8E3CDA47270466CC00A88B39 /* Xcode13 */,
				8E3CDA5E270466D000A88B39 /* Xcode13Tests */,
				8E3CDA68270466D000A88B39 /* Xcode13UITests */,
				8E3CDA46270466CC00A88B39 /* Products */,
			);
			sourceTree = "<group>";
		};
		8E3CDA46270466CC00A88B39 /* Products */ = {
			isa = PBXGroup;
			children = (
				8E3CDA45270466CC00A88B39 /* Xcode13.app */,
				8E3CDA5B270466D000A88B39 /* Xcode13Tests.xctest */,
				8E3CDA65270466D000A88B39 /* Xcode13UITests.xctest */,
			);
			name = Products;
			sourceTree = "<group>";
		};
		8E3CDA47270466CC00A88B39 /* Xcode13 */ = {
			isa = PBXGroup;
			children = (
				8E3CDA48270466CC00A88B39 /* AppDelegate.swift */,
				8E3CDA4A270466CC00A88B39 /* SceneDelegate.swift */,
				8E3CDA4C270466CC00A88B39 /* ViewController.swift */,
				8E3CDA4E270466CC00A88B39 /* Main.storyboard */,
				8E3CDA51270466D000A88B39 /* Assets.xcassets */,
				8E3CDA53270466D000A88B39 /* LaunchScreen.storyboard */,
				8E3CDA56270466D000A88B39 /* Info.plist */,
			);
			path = Xcode13;
			sourceTree = "<group>";
		};
		8E3CDA5E270466D000A88B39 /* Xcode13Tests */ = {
			isa = PBXGroup;
			children = (
				8E3CDA5F270466D000A88B39 /* Xcode13Tests.swift */,
			);
			path = Xcode13Tests;
			sourceTree = "<group>";
		};
		8E3CDA68270466D000A88B39 /* Xcode13UITests */ = {
			isa = PBXGroup;
			children = (
				8E3CDA69270466D000A88B39 /* Xcode13UITests.swift */,
				8E3CDA6B270466D000A88B39 /* Xcode13UITestsLaunchTests.swift */,
			);
			path = Xcode13UITests;
			sourceTree = "<group>";
		};
/* End PBXGroup section */

/* Begin PBXNativeTarget section */
		8E3CDA44270466CC00A88B39 /* Xcode13 */ = {
			isa = PBXNativeTarget;
			buildConfigurationList = 8E3CDA6F270466D000A88B39 /* Build configuration list for PBXNativeTarget "Xcode13" */;
			buildPhases = (
				8E3CDA41270466CC00A88B39 /* Sources */,
				8E3CDA42270466CC00A88B39 /* Frameworks */,
				8E3CDA43270466CC00A88B39 /* Resources */,
			);
			buildRules = (
			);
			dependencies = (
			);
			name = Xcode13;
			productName = Xcode13;
			productReference = 8E3CDA45270466CC00A88B39 /* Xcode13.app */;
			productType = "com.apple.product-type.application";
		};
		8E3CDA5A270466D000A88B39 /* Xcode13Tests */ = {
			isa = PBXNativeTarget;
			buildConfigurationList = 8E3CDA72270466D000A88B39 /* Build configuration list for PBXNativeTarget "Xcode13Tests" */;
			buildPhases = (
				8E3CDA57270466D000A88B39 /* Sources */,
				8E3CDA58270466D000A88B39 /* Frameworks */,
				8E3CDA59270466D000A88B39 /* Resources */,
			);
			buildRules = (
			);
			dependencies = (
				8E3CDA5D270466D000A88B39 /* PBXTargetDependency */,
			);
			name = Xcode13Tests;
			productName = Xcode13Tests;
			productReference = 8E3CDA5B270466D000A88B39 /* Xcode13Tests.xctest */;
			productType = "com.apple.product-type.bundle.unit-test";
		};
		8E3CDA64270466D000A88B39 /* Xcode13UITests */ = {
			isa = PBXNativeTarget;
			buildConfigurationList = 8E3CDA75270466D000A88B39 /* Build configuration list for PBXNativeTarget "Xcode13UITests" */;
			buildPhases = (
				8E3CDA61270466D000A88B39 /* Sources */,
				8E3CDA62270466D000A88B39 /* Frameworks */,
				8E3CDA63270466D000A88B39 /* Resources */,
			);
			buildRules = (
			);
			dependencies = (
				8E3CDA67270466D000A88B39 /* PBXTargetDependency */,
			);
			name = Xcode13UITests;
			productName = Xcode13UITests;
			productReference = 8E3CDA65270466D000A88B39 /* Xcode13UITests.xctest */;
			productType = "com.apple.product-type.bundle.ui-testing";
		};
/* End PBXNativeTarget section */

/* Begin PBXProject section */
		8E3CDA3D270466CC00A88B39 /* Project object */ = {
			isa = PBXProject;
			attributes = {
				BuildIndependentTargetsInParallel = 1;
				LastSwiftUpdateCheck = 1300;
				LastUpgradeCheck = 1300;
				TargetAttributes = {
					8E3CDA44270466CC00A88B39 = {
						CreatedOnToolsVersion = 13.0;
					};
					8E3CDA5A270466D000A88B39 = {
						CreatedOnToolsVersion = 13.0;
						TestTargetID = 8E3CDA44270466CC00A88B39;
					};
					8E3CDA64270466D000A88B39 = {
						CreatedOnToolsVersion = 13.0;
						TestTargetID = 8E3CDA44270466CC00A88B39;
					};
				};
			};
			buildConfigurationList = 8E3CDA40270466CC00A88B39 /* Build configuration list for PBXProject "Xcode13" */;
			compatibilityVersion = "Xcode 13.0";
			developmentRegion = en;
			hasScannedForEncodings = 0;
			knownRegions = (
				en,
				Base,
			);
			mainGroup = 8E3CDA3C270466CC00A88B39;
			productRefGroup = 8E3CDA46270466CC00A88B39 /* Products */;
			projectDirPath = "";
			projectRoot = "";
			targets = (
				8E3CDA44270466CC00A88B39 /* Xcode13 */,
				8E3CDA5A270466D000A88B39 /* Xcode13Tests */,
				8E3CDA64270466D000A88B39 /* Xcode13UITests */,
			);
		};
/* End PBXProject section */

/* Begin PBXResourcesBuildPhase section */
		8E3CDA43270466CC00A88B39 /* Resources */ = {
			isa = PBXResourcesBuildPhase;
			buildActionMask = 2147483647;
			files = (
				8E3CDA55270466D000A88B39 /* LaunchScreen.storyboard in Resources */,
				8E3CDA52270466D000A88B39 /* Assets.xcassets in Resources */,
				8E3CDA50270466CC00A88B39 /* Main.storyboard in Resources */,
			);
			runOnlyForDeploymentPostprocessing = 0;
		};
		8E3CDA59270466D000A88B39 /* Resources */ = {
			isa = PBXResourcesBuildPhase;
			buildActionMask = 2147483647;
			files = (
			);
			runOnlyForDeploymentPostprocessing = 0;
		};
		8E3CDA63270466D000A88B39 /* Resources */ = {
			isa = PBXResourcesBuildPhase;
			buildActionMask = 2147483647;
			files = (
			);
			runOnlyForDeploymentPostprocessing = 0;
		};
/* End PBXResourcesBuildPhase section */

/* Begin PBXSourcesBuildPhase section */
		8E3CDA41270466CC00A88B39 /* Sources */ = {
			isa = PBXSourcesBuildPhase;
			buildActionMask = 2147483647;
			files = (
				8E3CDA4D270466CC00A88B39 /* ViewController.swift in Sources */,
				8E3CDA49270466CC00A88B39 /* AppDelegate.swift in Sources */,
				8E3CDA4B270466CC00A88B39 /* SceneDelegate.swift in Sources */,
			);
			runOnlyForDeploymentPostprocessing = 0;
		};
		8E3CDA57270466D000A88B39 /* Sources */ = {
			isa = PBXSourcesBuildPhase;
			buildActionMask = 2147483647;
			files = (
				8E3CDA60270466D000A88B39 /* Xcode13Tests.swift in Sources */,
			);
			runOnlyForDeploymentPostprocessing = 0;
		};
		8E3CDA61270466D000A88B39 /* Sources */ = {
			isa = PBXSourcesBuildPhase;
			buildActionMask = 2147483647;
			files = (
				8E3CDA6C270466D000A88B39 /* Xcode13UITestsLaunchTests.swift in Sources */,
				8E3CDA6A270466D000A88B39 /* Xcode13UITests.swift in Sources */,
			);
			runOnlyForDeploymentPostprocessing = 0;
		};
/* End PBXSourcesBuildPhase section */

/* Begin PBXTargetDependency section */
		8E3CDA5D270466D000A88B39 /* PBXTargetDependency */ = {
			isa = PBXTargetDependency;
			target = 8E3CDA44270466CC00A88B39 /* Xcode13 */;
			targetProxy = 8E3CDA5C270466D000A88B39 /* PBXContainerItemProxy */;
		};
		8E3CDA67270466D000A88B39 /* PBXTargetDependency */ = {
			isa = PBXTargetDependency;
			target = 8E3CDA44270466CC00A88B39 /* Xcode13 */;
			targetProxy = 8E3CDA66270466D000A88B39 /* PBXContainerItemProxy */;
		};
/* End PBXTargetDependency section */

/* Begin PBXVariantGroup section */
		8E3CDA4E270466CC00A88B39 /* Main.storyboard */ = {
			isa = PBXVariantGroup;
			children = (
				8E3CDA4F270466CC00A88B39 /* Base */,
			);
			name = Main.storyboard;
			sourceTree = "<group>";
		};
		8E3CDA53270466D000A88B39 /* LaunchScreen.storyboard */ = {
			isa = PBXVariantGroup;
			children = (
				8E3CDA54270466D000A88B39 /* Base */,
			);
			name = LaunchScreen.storyboard;
			sourceTree = "<group>";
		};
/* End PBXVariantGroup section */

/* Begin XCBuildConfiguration section */
		8E3CDA6D270466D000A88B39 /* Debug */ = {
			isa = XCBuildConfiguration;
			buildSettings = {
				ALWAYS_SEARCH_USER_PATHS = NO;
				CLANG_ANALYZER_NONNULL = YES;
				CLANG_ANALYZER_NUMBER_OBJECT_CONVERSION = YES_AGGRESSIVE;
				CLANG_CXX_LANGUAGE_STANDARD = "gnu++17";
				CLANG_CXX_LIBRARY = "libc++";
				CLANG_ENABLE_MODULES = YES;
				CLANG_ENABLE_OBJC_ARC = YES;
				CLANG_ENABLE_OBJC_WEAK = YES;
				CLANG_WARN_BLOCK_CAPTURE_AUTORELEASING = YES;
				CLANG_WARN_BOOL_CONVERSION = YES;
				CLANG_WARN_COMMA = YES;
				CLANG_WARN_CONSTANT_CONVERSION = YES;
				CLANG_WARN_DEPRECATED_OBJC_IMPLEMENTATIONS = YES;
				CLANG_WARN_DIRECT_OBJC_ISA_USAGE = YES_ERROR;
				CLANG_WARN_DOCUMENTATION_COMMENTS = YES;
				CLANG_WARN_EMPTY_BODY = YES;
				CLANG_WARN_ENUM_CONVERSION = YES;
				CLANG_WARN_INFINITE_RECURSION = YES;
				CLANG_WARN_INT_CONVERSION = YES;
				CLANG_WARN_NON_LITERAL_NULL_CONVERSION = YES;
				CLANG_WARN_OBJC_IMPLICIT_RETAIN_SELF = YES;
				CLANG_WARN_OBJC_LITERAL_CONVERSION = YES;
				CLANG_WARN_OBJC_ROOT_CLASS = YES_ERROR;
				CLANG_WARN_QUOTED_INCLUDE_IN_FRAMEWORK_HEADER = YES;
				CLANG_WARN_RANGE_LOOP_ANALYSIS = YES;
				CLANG_WARN_STRICT_PROTOTYPES = YES;
				CLANG_WARN_SUSPICIOUS_MOVE = YES;
				CLANG_WARN_UNGUARDED_AVAILABILITY = YES_AGGRESSIVE;
				CLANG_WARN_UNREACHABLE_CODE = YES;
				CLANG_WARN__DUPLICATE_METHOD_MATCH = YES;
				COPY_PHASE_STRIP = NO;
				DEBUG_INFORMATION_FORMAT = dwarf;
				ENABLE_STRICT_OBJC_MSGSEND = YES;
				ENABLE_TESTABILITY = YES;
				GCC_C_LANGUAGE_STANDARD = gnu11;
				GCC_DYNAMIC_NO_PIC = NO;
				GCC_NO_COMMON_BLOCKS = YES;
				GCC_OPTIMIZATION_LEVEL = 0;
				GCC_PREPROCESSOR_DEFINITIONS = (
					"DEBUG=1",
					"$(inherited)",
				);
				GCC_WARN_64_TO_32_BIT_CONVERSION = YES;
				GCC_WARN_ABOUT_RETURN_TYPE = YES_ERROR;
				GCC_WARN_UNDECLARED_SELECTOR = YES;
				GCC_WARN_UNINITIALIZED_AUTOS = YES_AGGRESSIVE;
				GCC_WARN_UNUSED_FUNCTION = YES;
				GCC_WARN_UNUSED_VARIABLE = YES;
				IPHONEOS_DEPLOYMENT_TARGET = 15.0;
				MTL_ENABLE_DEBUG_INFO = INCLUDE_SOURCE;
				MTL_FAST_MATH = YES;
				ONLY_ACTIVE_ARCH = YES;
				SDKROOT = iphoneos;
				SWIFT_ACTIVE_COMPILATION_CONDITIONS = DEBUG;
				SWIFT_OPTIMIZATION_LEVEL = "-Onone";
			};
			name = Debug;
		};
		8E3CDA6E270466D000A88B39 /* Release */ = {
			isa = XCBuildConfiguration;
			buildSettings = {
				ALWAYS_SEARCH_USER_PATHS = NO;
				CLANG_ANALYZER_NONNULL = YES;
				CLANG_ANALYZER_NUMBER_OBJECT_CONVERSION = YES_AGGRESSIVE;
				CLANG_CXX_LANGUAGE_STANDARD = "gnu++17";
				CLANG_CXX_LIBRARY = "libc++";
				CLANG_ENABLE_MODULES = YES;
				CLANG_ENABLE_OBJC_ARC = YES;
				CLANG_ENABLE_OBJC_WEAK = YES;
				CLANG_WARN_BLOCK_CAPTURE_AUTORELEASING = YES;
				CLANG_WARN_BOOL_CONVERSION = YES;
				CLANG_WARN_COMMA = YES;
				CLANG_WARN_CONSTANT_CONVERSION = YES;
				CLANG_WARN_DEPRECATED_OBJC_IMPLEMENTATIONS = YES;
				CLANG_WARN_DIRECT_OBJC_ISA_USAGE = YES_ERROR;
				CLANG_WARN_DOCUMENTATION_COMMENTS = YES;
				CLANG_WARN_EMPTY_BODY = YES;
				CLANG_WARN_ENUM_CONVERSION = YES;
				CLANG_WARN_INFINITE_RECURSION = YES;
				CLANG_WARN_INT_CONVERSION = YES;
				CLANG_WARN_NON_LITERAL_NULL_CONVERSION = YES;
				CLANG_WARN_OBJC_IMPLICIT_RETAIN_SELF = YES;
				CLANG_WARN_OBJC_LITERAL_CONVERSION = YES;
				CLANG_WARN_OBJC_ROOT_CLASS = YES_ERROR;
				CLANG_WARN_QUOTED_INCLUDE_IN_FRAMEWORK_HEADER = YES;
				CLANG_WARN_RANGE_LOOP_ANALYSIS = YES;
				CLANG_WARN_STRICT_PROTOTYPES = YES;
				CLANG_WARN_SUSPICIOUS_MOVE = YES;
				CLANG_WARN_UNGUARDED_AVAILABILITY = YES_AGGRESSIVE;
				CLANG_WARN_UNREACHABLE_CODE = YES;
				CLANG_WARN__DUPLICATE_METHOD_MATCH = YES;
				COPY_PHASE_STRIP = NO;
				DEBUG_INFORMATION_FORMAT = "dwarf-with-dsym";
				ENABLE_NS_ASSERTIONS = NO;
				ENABLE_STRICT_OBJC_MSGSEND = YES;
				GCC_C_LANGUAGE_STANDARD = gnu11;
				GCC_NO_COMMON_BLOCKS = YES;
				GCC_WARN_64_TO_32_BIT_CONVERSION = YES;
				GCC_WARN_ABOUT_RETURN_TYPE = YES_ERROR;
				GCC_WARN_UNDECLARED_SELECTOR = YES;
				GCC_WARN_UNINITIALIZED_AUTOS = YES_AGGRESSIVE;
				GCC_WARN_UNUSED_FUNCTION = YES;
				GCC_WARN_UNUSED_VARIABLE = YES;
				IPHONEOS_DEPLOYMENT_TARGET = 15.0;
				MTL_ENABLE_DEBUG_INFO = NO;
				MTL_FAST_MATH = YES;
				SDKROOT = iphoneos;
				SWIFT_COMPILATION_MODE = wholemodule;
				SWIFT_OPTIMIZATION_LEVEL = "-O";
				VALIDATE_PRODUCT = YES;
			};
			name = Release;
		};
		8E3CDA70270466D000A88B39 /* Debug */ = {
			isa = XCBuildConfiguration;
			buildSettings = {
				ASSETCATALOG_COMPILER_APPICON_NAME = AppIcon;
				ASSETCATALOG_COMPILER_GLOBAL_ACCENT_COLOR_NAME = AccentColor;
				CODE_SIGN_STYLE = Automatic;
				CURRENT_PROJECT_VERSION = 1;
				DEVELOPMENT_TEAM = R45LY736NP;
				GENERATE_INFOPLIST_FILE = YES;
				INFOPLIST_FILE = Xcode13/Info.plist;
				INFOPLIST_KEY_UIApplicationSupportsIndirectInputEvents = YES;
				INFOPLIST_KEY_UILaunchStoryboardName = LaunchScreen;
				INFOPLIST_KEY_UIMainStoryboardFile = Main;
				INFOPLIST_KEY_UISupportedInterfaceOrientations_iPad = "UIInterfaceOrientationPortrait UIInterfaceOrientationPortraitUpsideDown UIInterfaceOrientationLandscapeLeft UIInterfaceOrientationLandscapeRight";
				INFOPLIST_KEY_UISupportedInterfaceOrientations_iPhone = "UIInterfaceOrientationPortrait UIInterfaceOrientationLandscapeLeft UIInterfaceOrientationLandscapeRight";
				LD_RUNPATH_SEARCH_PATHS = (
					"$(inherited)",
					"@executable_path/Frameworks",
				);
				MARKETING_VERSION = 1.0;
				PRODUCT_BUNDLE_IDENTIFIER = fxr.Xcode13;
				PRODUCT_NAME = "$(TARGET_NAME)";
				SWIFT_EMIT_LOC_STRINGS = YES;
				SWIFT_VERSION = 5.0;
				TARGETED_DEVICE_FAMILY = "1,2";
			};
			name = Debug;
		};
		8E3CDA71270466D000A88B39 /* Release */ = {
			isa = XCBuildConfiguration;
			buildSettings = {
				ASSETCATALOG_COMPILER_APPICON_NAME = AppIcon;
				ASSETCATALOG_COMPILER_GLOBAL_ACCENT_COLOR_NAME = AccentColor;
				CODE_SIGN_STYLE = Automatic;
				CURRENT_PROJECT_VERSION = 1;
				DEVELOPMENT_TEAM = R45LY736NP;
				GENERATE_INFOPLIST_FILE = YES;
				INFOPLIST_FILE = Xcode13/Info.plist;
				INFOPLIST_KEY_UIApplicationSupportsIndirectInputEvents = YES;
				INFOPLIST_KEY_UILaunchStoryboardName = LaunchScreen;
				INFOPLIST_KEY_UIMainStoryboardFile = Main;
				INFOPLIST_KEY_UISupportedInterfaceOrientations_iPad = "UIInterfaceOrientationPortrait UIInterfaceOrientationPortraitUpsideDown UIInterfaceOrientationLandscapeLeft UIInterfaceOrientationLandscapeRight";
				INFOPLIST_KEY_UISupportedInterfaceOrientations_iPhone = "UIInterfaceOrientationPortrait UIInterfaceOrientationLandscapeLeft UIInterfaceOrientationLandscapeRight";
				LD_RUNPATH_SEARCH_PATHS = (
					"$(inherited)",
					"@executable_path/Frameworks",
				);
				MARKETING_VERSION = 1.0;
				PRODUCT_BUNDLE_IDENTIFIER = fxr.Xcode13;
				PRODUCT_NAME = "$(TARGET_NAME)";
				SWIFT_EMIT_LOC_STRINGS = YES;
				SWIFT_VERSION = 5.0;
				TARGETED_DEVICE_FAMILY = "1,2";
			};
			name = Release;
		};
		8E3CDA73270466D000A88B39 /* Debug */ = {
			isa = XCBuildConfiguration;
			buildSettings = {
				ALWAYS_EMBED_SWIFT_STANDARD_LIBRARIES = YES;
				BUNDLE_LOADER = "$(TEST_HOST)";
				CODE_SIGN_STYLE = Automatic;
				CURRENT_PROJECT_VERSION = 1;
				DEVELOPMENT_TEAM = R45LY736NP;
				GENERATE_INFOPLIST_FILE = YES;
				IPHONEOS_DEPLOYMENT_TARGET = 15.0;
				LD_RUNPATH_SEARCH_PATHS = (
					"$(inherited)",
					"@executable_path/Frameworks",
					"@loader_path/Frameworks",
				);
				MARKETING_VERSION = 1.0;
				PRODUCT_BUNDLE_IDENTIFIER = fxr.Xcode13Tests;
				PRODUCT_NAME = "$(TARGET_NAME)";
				SWIFT_EMIT_LOC_STRINGS = NO;
				SWIFT_VERSION = 5.0;
				TARGETED_DEVICE_FAMILY = "1,2";
				TEST_HOST = "$(BUILT_PRODUCTS_DIR)/Xcode13.app/Xcode13";
			};
			name = Debug;
		};
		8E3CDA74270466D000A88B39 /* Release */ = {
			isa = XCBuildConfiguration;
			buildSettings = {
				ALWAYS_EMBED_SWIFT_STANDARD_LIBRARIES = YES;
				BUNDLE_LOADER = "$(TEST_HOST)";
				CODE_SIGN_STYLE = Automatic;
				CURRENT_PROJECT_VERSION = 1;
				DEVELOPMENT_TEAM = R45LY736NP;
				GENERATE_INFOPLIST_FILE = YES;
				IPHONEOS_DEPLOYMENT_TARGET = 15.0;
				LD_RUNPATH_SEARCH_PATHS = (
					"$(inherited)",
					"@executable_path/Frameworks",
					"@loader_path/Frameworks",
				);
				MARKETING_VERSION = 1.0;
				PRODUCT_BUNDLE_IDENTIFIER = fxr.Xcode13Tests;
				PRODUCT_NAME = "$(TARGET_NAME)";
				SWIFT_EMIT_LOC_STRINGS = NO;
				SWIFT_VERSION = 5.0;
				TARGETED_DEVICE_FAMILY = "1,2";
				TEST_HOST = "$(BUILT_PRODUCTS_DIR)/Xcode13.app/Xcode13";
			};
			name = Release;
		};
		8E3CDA76270466D000A88B39 /* Debug */ = {
			isa = XCBuildConfiguration;
			buildSettings = {
				ALWAYS_EMBED_SWIFT_STANDARD_LIBRARIES = YES;
				CODE_SIGN_STYLE = Automatic;
				CURRENT_PROJECT_VERSION = 1;
				DEVELOPMENT_TEAM = R45LY736NP;
				GENERATE_INFOPLIST_FILE = YES;
				LD_RUNPATH_SEARCH_PATHS = (
					"$(inherited)",
					"@executable_path/Frameworks",
					"@loader_path/Frameworks",
				);
				MARKETING_VERSION = 1.0;
				PRODUCT_BUNDLE_IDENTIFIER = fxr.Xcode13UITests;
				PRODUCT_NAME = "$(TARGET_NAME)";
				SWIFT_EMIT_LOC_STRINGS = NO;
				SWIFT_VERSION = 5.0;
				TARGETED_DEVICE_FAMILY = "1,2";
				TEST_TARGET_NAME = Xcode13;
			};
			name = Debug;
		};
		8E3CDA77270466D000A88B39 /* Release */ = {
			isa = XCBuildConfiguration;
			buildSettings = {
				ALWAYS_EMBED_SWIFT_STANDARD_LIBRARIES = YES;
				CODE_SIGN_STYLE = Automatic;
				CURRENT_PROJECT_VERSION = 1;
				DEVELOPMENT_TEAM = R45LY736NP;
				GENERATE_INFOPLIST_FILE = YES;
				LD_RUNPATH_SEARCH_PATHS = (
					"$(inherited)",
					"@executable_path/Frameworks",
					"@loader_path/Frameworks",
				);
				MARKETING_VERSION = 1.0;
				PRODUCT_BUNDLE_IDENTIFIER = fxr.Xcode13UITests;
				PRODUCT_NAME = "$(TARGET_NAME)";
				SWIFT_EMIT_LOC_STRINGS = NO;
				SWIFT_VERSION = 5.0;
				TARGETED_DEVICE_FAMILY = "1,2";
				TEST_TARGET_NAME = Xcode13;
			};
			name = Release;
		};
/* End XCBuildConfiguration section */

/* Begin XCConfigurationList section */
		8E3CDA40270466CC00A88B39 /* Build configuration list for PBXProject "Xcode13" */ = {
			isa = XCConfigurationList;
			buildConfigurations = (
				8E3CDA6D270466D000A88B39 /* Debug */,
				8E3CDA6E270466D000A88B39 /* Release */,
			);
			defaultConfigurationIsVisible = 0;
			defaultConfigurationName = Release;
		};
		8E3CDA6F270466D000A88B39 /* Build configuration list for PBXNativeTarget "Xcode13" */ = {
			isa = XCConfigurationList;
			buildConfigurations = (
				8E3CDA70270466D000A88B39 /* Debug */,
				8E3CDA71270466D000A88B39 /* Release */,
			);
			defaultConfigurationIsVisible = 0;
			defaultConfigurationName = Release;
		};
		8E3CDA72270466D000A88B39 /* Build configuration list for PBXNativeTarget "Xcode13Tests" */ = {
			isa = XCConfigurationList;
			buildConfigurations = (
				8E3CDA73270466D000A88B39 /* Debug */,
				8E3CDA74270466D000A88B39 /* Release */,
			);
			defaultConfigurationIsVisible = 0;
			defaultConfigurationName = Release;
		};
		8E3CDA75270466D000A88B39 /* Build configuration list for PBXNativeTarget "Xcode13UITests" */ = {
			isa = XCConfigurationList;
			buildConfigurations = (
				8E3CDA76270466D000A88B39 /* Debug */,
				8E3CDA77270466D000A88B39 /* Release */,
			);
			defaultConfigurationIsVisible = 0;
			defaultConfigurationName = Release;
		};
/* End XCConfigurationList section */
	};
	rootObject = 8E3CDA3D270466CC00A88B39 /* Project object */;
}
